
Microsoft Visual Studio Solution File, Format Version 12.00
# Visual Studio Version 17
VisualStudioVersion = 17.14.36811.4
MinimumVisualStudioVersion = 10.0.40219.1
Project("{FAE04EC0-301F-11D3-BF4B-00C04F79EFBC}") = "Fridge.API", "FridgeAPI\Fridge.API.csproj", "{2CF25BFC-1157-C5D1-AE88-7AD2E5AF99F9}"
EndProject
Project("{FAE04EC0-301F-11D3-BF4B-00C04F79EFBC}") = "Fridge.Application", "Fridge.Application\Fridge.Application.csproj", "{E03EEB4C-6F97-4024-9E9D-3A8F9A82CD9A}"
EndProject
Project("{FAE04EC0-301F-11D3-BF4B-00C04F79EFBC}") = "Fridge.Contracts", "Fridge.Contracts\Fridge.Contracts.csproj", "{8107DEEF-24D0-410A-8EC5-650319EE5CFA}"
EndProject
Project("{FAE04EC0-301F-11D3-BF4B-00C04F79EFBC}") = "Fridge.Domain", "Fridge.Domain\Fridge.Domain.csproj", "{FB94790B-D774-4EBF-B725-6AFA5492EDA5}"
EndProject
Project("{FAE04EC0-301F-11D3-BF4B-00C04F79EFBC}") = "Fridge.Infrastructure", "Fridge.Infrastructure\Fridge.Infrastructure.csproj", "{8FC420F4-4CE1-45B9-B962-71AC8501B690}"
EndProject
Global
	GlobalSection(SolutionConfigurationPlatforms) = preSolution
		Debug|Any CPU = Debug|Any CPU
		Release|Any CPU = Release|Any CPU
	EndGlobalSection
	GlobalSection(ProjectConfigurationPlatforms) = postSolution
		{2CF25BFC-1157-C5D1-AE88-7AD2E5AF99F9}.Debug|Any CPU.ActiveCfg = Debug|Any CPU
		{2CF25BFC-1157-C5D1-AE88-7AD2E5AF99F9}.Debug|Any CPU.Build.0 = Debug|Any CPU
		{2CF25BFC-1157-C5D1-AE88-7AD2E5AF99F9}.Release|Any CPU.ActiveCfg = Release|Any CPU
		{2CF25BFC-1157-C5D1-AE88-7AD2E5AF99F9}.Release|Any CPU.Build.0 = Release|Any CPU
		{E03EEB4C-6F97-4024-9E9D-3A8F9A82CD9A}.Debug|Any CPU.ActiveCfg = Debug|Any CPU
		{E03EEB4C-6F97-4024-9E9D-3A8F9A82CD9A}.Debug|Any CPU.Build.0 = Debug|Any CPU
		{E03EEB4C-6F97-4024-9E9D-3A8F9A82CD9A}.Release|Any CPU.ActiveCfg = Release|Any CPU
		{E03EEB4C-6F97-4024-9E9D-3A8F9A82CD9A}.Release|Any CPU.Build.0 = Release|Any CPU
		{8107DEEF-24D0-410A-8EC5-650319EE5CFA}.Debug|Any CPU.ActiveCfg = Debug|Any CPU
		{8107DEEF-24D0-410A-8EC5-650319EE5CFA}.Debug|Any CPU.Build.0 = Debug|Any CPU
		{8107DEEF-24D0-410A-8EC5-650319EE5CFA}.Release|Any CPU.ActiveCfg = Release|Any CPU
		{8107DEEF-24D0-410A-8EC5-650319EE5CFA}.Release|Any CPU.Build.0 = Release|Any CPU
		{FB94790B-D774-4EBF-B725-6AFA5492EDA5}.Debug|Any CPU.ActiveCfg = Debug|Any CPU
		{FB94790B-D774-4EBF-B725-6AFA5492EDA5}.Debug|Any CPU.Build.0 = Debug|Any CPU
		{FB94790B-D774-4EBF-B725-6AFA5492EDA5}.Release|Any CPU.ActiveCfg = Release|Any CPU
		{FB94790B-D774-4EBF-B725-6AFA5492EDA5}.Release|Any CPU.Build.0 = Release|Any CPU
		{8FC420F4-4CE1-45B9-B962-71AC8501B690}.Debug|Any CPU.ActiveCfg = Debug|Any CPU
		{8FC420F4-4CE1-45B9-B962-71AC8501B690}.Debug|Any CPU.Build.0 = Debug|Any CPU
		{8FC420F4-4CE1-45B9-B962-71AC8501B690}.Release|Any CPU.ActiveCfg = Release|Any CPU
		{8FC420F4-4CE1-45B9-B962-71AC8501B690}.Release|Any CPU.Build.0 = Release|Any CPU
	EndGlobalSection
	GlobalSection(SolutionProperties) = preSolution
		HideSolutionNode = FALSE
	EndGlobalSection
	GlobalSection(ExtensibilityGlobals) = postSolution
		SolutionGuid = {8F06DF56-A207-4FC3-AC74-563509528A60}
	EndGlobalSection
EndGlobal
